
Microsoft Visual Studio Solution File, Format Version 12.00
# Visual Studio Version 16
VisualStudioVersion = 16.0.32228.343
MinimumVisualStudioVersion = 10.0.40219.1
Project("{FAE04EC0-301F-11D3-BF4B-00C04F79EFBC}") = "Customers", "Customers\Customers.csproj", "{5D4B096C-8CB1-430E-AC96-1C201D548D55}"
EndProject
Global
	GlobalSection(SolutionConfigurationPlatforms) = preSolution
		Debug|Any CPU = Debug|Any CPU
		Release|Any CPU = Release|Any CPU
	EndGlobalSection
	GlobalSection(ProjectConfigurationPlatforms) = postSolution
		{5D4B096C-8CB1-430E-AC96-1C201D548D55}.Debug|Any CPU.ActiveCfg = Debug|Any CPU
		{5D4B096C-8CB1-430E-AC96-1C201D548D55}.Debug|Any CPU.Build.0 = Debug|Any CPU
		{5D4B096C-8CB1-430E-AC96-1C201D548D55}.Release|Any CPU.ActiveCfg = Release|Any CPU
		{5D4B096C-8CB1-430E-AC96-1C201D548D55}.Release|Any CPU.Build.0 = Release|Any CPU
	EndGlobalSection
	GlobalSection(SolutionProperties) = preSolution
		HideSolutionNode = FALSE
	EndGlobalSection
	GlobalSection(ExtensibilityGlobals) = postSolution
		SolutionGuid = {84272D21-D06A-4081-885F-2A892E290FAA}
	EndGlobalSection
EndGlobal
